{"is_source_file": false, "format": "", "description": "", "external_files": [], "external_methods": [], "published": [], "classes": [], "methods": [], "calls": [], "search-terms": [], "state": 2, "file_id": 9, "knowledge_revision": 30, "git_revision": "e15d0dba2273ea208fa206505e516bfd9e812dc4", "hash": "9c4ed7ef73e22b872b8055bec08b8979", "format-version": 4, "code-base-name": "default", "filename": "recipehub_container/post_process_status.lock", "revision_history": [{"30": "e15d0dba2273ea208fa206505e516bfd9e812dc4"}]}